
Microsoft Visual Studio Solution File, Format Version 12.00
# Visual Studio Version 17
VisualStudioVersion = 17.11.35222.181
MinimumVisualStudioVersion = 10.0.40219.1
Project("{9A19103F-16F7-4668-BE54-9A1E7A4F7556}") = "AM.Core.Domain", "AM.Core.Domain\AM.Core.Domain.csproj", "{DF66E5C9-DDBD-49E8-89FD-852E6FC64BE2}"
EndProject
Project("{9A19103F-16F7-4668-BE54-9A1E7A4F7556}") = "AM.UI.Console", "AM.UI.Console\AM.UI.Console.csproj", "{A00372DE-9C5F-4CA8-A5AF-269ED073B12C}"
EndProject
Project("{9A19103F-16F7-4668-BE54-9A1E7A4F7556}") = "AM.Core.Services", "AM.Core.Services\AM.Core.Services.csproj", "{1122BEBD-7C1F-43D9-B34E-8C8EFAABF5F5}"
EndProject
Project("{FAE04EC0-301F-11D3-BF4B-00C04F79EFBC}") = "AM.Data", "AM.Data\AM.Data.csproj", "{6058BAF1-F93C-4ED4-840B-5AAA8E36C7BF}"
EndProject
Global
	GlobalSection(SolutionConfigurationPlatforms) = preSolution
		Debug|Any CPU = Debug|Any CPU
		Release|Any CPU = Release|Any CPU
	EndGlobalSection
	GlobalSection(ProjectConfigurationPlatforms) = postSolution
		{DF66E5C9-DDBD-49E8-89FD-852E6FC64BE2}.Debug|Any CPU.ActiveCfg = Debug|Any CPU
		{DF66E5C9-DDBD-49E8-89FD-852E6FC64BE2}.Debug|Any CPU.Build.0 = Debug|Any CPU
		{DF66E5C9-DDBD-49E8-89FD-852E6FC64BE2}.Release|Any CPU.ActiveCfg = Release|Any CPU
		{DF66E5C9-DDBD-49E8-89FD-852E6FC64BE2}.Release|Any CPU.Build.0 = Release|Any CPU
		{A00372DE-9C5F-4CA8-A5AF-269ED073B12C}.Debug|Any CPU.ActiveCfg = Debug|Any CPU
		{A00372DE-9C5F-4CA8-A5AF-269ED073B12C}.Debug|Any CPU.Build.0 = Debug|Any CPU
		{A00372DE-9C5F-4CA8-A5AF-269ED073B12C}.Release|Any CPU.ActiveCfg = Release|Any CPU
		{A00372DE-9C5F-4CA8-A5AF-269ED073B12C}.Release|Any CPU.Build.0 = Release|Any CPU
		{1122BEBD-7C1F-43D9-B34E-8C8EFAABF5F5}.Debug|Any CPU.ActiveCfg = Debug|Any CPU
		{1122BEBD-7C1F-43D9-B34E-8C8EFAABF5F5}.Debug|Any CPU.Build.0 = Debug|Any CPU
		{1122BEBD-7C1F-43D9-B34E-8C8EFAABF5F5}.Release|Any CPU.ActiveCfg = Release|Any CPU
		{1122BEBD-7C1F-43D9-B34E-8C8EFAABF5F5}.Release|Any CPU.Build.0 = Release|Any CPU
		{6058BAF1-F93C-4ED4-840B-5AAA8E36C7BF}.Debug|Any CPU.ActiveCfg = Debug|Any CPU
		{6058BAF1-F93C-4ED4-840B-5AAA8E36C7BF}.Debug|Any CPU.Build.0 = Debug|Any CPU
		{6058BAF1-F93C-4ED4-840B-5AAA8E36C7BF}.Release|Any CPU.ActiveCfg = Release|Any CPU
		{6058BAF1-F93C-4ED4-840B-5AAA8E36C7BF}.Release|Any CPU.Build.0 = Release|Any CPU
	EndGlobalSection
	GlobalSection(SolutionProperties) = preSolution
		HideSolutionNode = FALSE
	EndGlobalSection
	GlobalSection(ExtensibilityGlobals) = postSolution
		SolutionGuid = {65D08C73-5F27-4026-BAD3-7580EAD39BE7}
	EndGlobalSection
EndGlobal
